// !$*UTF8*$!
{
	archiveVersion = 1;
	classes = {
	};
	objectVersion = 50;
	objects = {

/* Begin PBXBuildFile section */
		745D875A240C06BD0073712C /* AppDelegate.swift in Sources */ = {isa = PBXBuildFile; fileRef = 745D8759240C06BD0073712C /* AppDelegate.swift */; };
		745D875C240C06BD0073712C /* SceneDelegate.swift in Sources */ = {isa = PBXBuildFile; fileRef = 745D875B240C06BD0073712C /* SceneDelegate.swift */; };
		745D875E240C06BD0073712C /* ViewController.swift in Sources */ = {isa = PBXBuildFile; fileRef = 745D875D240C06BD0073712C /* ViewController.swift */; };
		745D8761240C06BD0073712C /* Main.storyboard in Resources */ = {isa = PBXBuildFile; fileRef = 745D875F240C06BD0073712C /* Main.storyboard */; };
		745D8763240C06C80073712C /* Assets.xcassets in Resources */ = {isa = PBXBuildFile; fileRef = 745D8762240C06C80073712C /* Assets.xcassets */; };
		745D8766240C06C80073712C /* LaunchScreen.storyboard in Resources */ = {isa = PBXBuildFile; fileRef = 745D8764240C06C80073712C /* LaunchScreen.storyboard */; };
		745D876E2424F7A20073712C /* SecondViewController.swift in Sources */ = {isa = PBXBuildFile; fileRef = 745D876D2424F7A20073712C /* SecondViewController.swift */; };
/* End PBXBuildFile section */

/* Begin PBXFileReference section */
		745D8756240C06BD0073712C /* SeninTableViewFirstApp.app */ = {isa = PBXFileReference; explicitFileType = wrapper.application; includeInIndex = 0; path = SeninTableViewFirstApp.app; sourceTree = BUILT_PRODUCTS_DIR; };
		745D8759240C06BD0073712C /* AppDelegate.swift */ = {isa = PBXFileReference; lastKnownFileType = sourcecode.swift; path = AppDelegate.swift; sourceTree = "<group>"; };
		745D875B240C06BD0073712C /* SceneDelegate.swift */ = {isa = PBXFileReference; lastKnownFileType = sourcecode.swift; path = SceneDelegate.swift; sourceTree = "<group>"; };
		745D875D240C06BD0073712C /* ViewController.swift */ = {isa = PBXFileReference; lastKnownFileType = sourcecode.swift; path = ViewController.swift; sourceTree = "<group>"; };
		745D8760240C06BD0073712C /* Base */ = {isa = PBXFileReference; lastKnownFileType = file.storyboard; name = Base; path = Base.lproj/Main.storyboard; sourceTree = "<group>"; };
		745D8762240C06C80073712C /* Assets.xcassets */ = {isa = PBXFileReference; lastKnownFileType = folder.assetcatalog; path = Assets.xcassets; sourceTree = "<group>"; };
		745D8765240C06C80073712C /* Base */ = {isa = PBXFileReference; lastKnownFileType = file.storyboard; name = Base; path = Base.lproj/LaunchScreen.storyboard; sourceTree = "<group>"; };
		745D8767240C06C80073712C /* Info.plist */ = {isa = PBXFileReference; lastKnownFileType = text.plist.xml; path = Info.plist; sourceTree = "<group>"; };
		745D876D2424F7A20073712C /* SecondViewController.swift */ = {isa = PBXFileReference; lastKnownFileType = sourcecode.swift; path = SecondViewController.swift; sourceTree = "<group>"; };
/* End PBXFileReference section */

/* Begin PBXFrameworksBuildPhase section */
		745D8753240C06BD0073712C /* Frameworks */ = {
			isa = PBXFrameworksBuildPhase;
			buildActionMask = 2147483647;
			files = (
			);
			runOnlyForDeploymentPostprocessing = 0;
		};
/* End PBXFrameworksBuildPhase section */

/* Begin PBXGroup section */
		745D874D240C06BD0073712C = {
			isa = PBXGroup;
			children = (
				745D876D2424F7A20073712C /* SecondViewController.swift */,
				745D8758240C06BD0073712C /* SeninTableViewFirstApp */,
				745D8757240C06BD0073712C /* Products */,
			);
			sourceTree = "<group>";
		};
		745D8757240C06BD0073712C /* Products */ = {
			isa = PBXGroup;
			children = (
				745D8756240C06BD0073712C /* SeninTableViewFirstApp.app */,
			);
			name = Products;
			sourceTree = "<group>";
		};
		745D8758240C06BD0073712C /* SeninTableViewFirstApp */ = {
			isa = PBXGroup;
			children = (
				745D8759240C06BD0073712C /* AppDelegate.swift */,
				745D875B240C06BD0073712C /* SceneDelegate.swift */,
				745D875D240C06BD0073712C /* ViewController.swift */,
				745D875F240C06BD0073712C /* Main.storyboard */,
				745D8762240C06C80073712C /* Assets.xcassets */,
				745D8764240C06C80073712C /* LaunchScreen.storyboard */,
				745D8767240C06C80073712C /* Info.plist */,
			);
			path = SeninTableViewFirstApp;
			sourceTree = "<group>";
		};
/* End PBXGroup section */

/* Begin PBXNativeTarget section */
		745D8755240C06BD0073712C /* SeninTableViewFirstApp */ = {
			isa = PBXNativeTarget;
			buildConfigurationList = 745D876A240C06C80073712C /* Build configuration list for PBXNativeTarget "SeninTableViewFirstApp" */;
			buildPhases = (
				745D8752240C06BD0073712C /* Sources */,
				745D8753240C06BD0073712C /* Frameworks */,
				745D8754240C06BD0073712C /* Resources */,
			);
			buildRules = (
			);
			dependencies = (
			);
			name = SeninTableViewFirstApp;
			productName = SeninTableViewFirstApp;
			productReference = 745D8756240C06BD0073712C /* SeninTableViewFirstApp.app */;
			productType = "com.apple.product-type.application";
		};
/* End PBXNativeTarget section */

/* Begin PBXProject section */
		745D874E240C06BD0073712C /* Project object */ = {
			isa = PBXProject;
			attributes = {
				LastSwiftUpdateCheck = 1130;
				LastUpgradeCheck = 1130;
				ORGANIZATIONNAME = "Yegor Kozlovskiy";
				TargetAttributes = {
					745D8755240C06BD0073712C = {
						CreatedOnToolsVersion = 11.3.1;
					};
				};
			};
			buildConfigurationList = 745D8751240C06BD0073712C /* Build configuration list for PBXProject "SeninTableViewFirstApp" */;
			compatibilityVersion = "Xcode 9.3";
			developmentRegion = en;
			hasScannedForEncodings = 0;
			knownRegions = (
				en,
				Base,
			);
			mainGroup = 745D874D240C06BD0073712C;
			productRefGroup = 745D8757240C06BD0073712C /* Products */;
			projectDirPath = "";
			projectRoot = "";
			targets = (
				745D8755240C06BD0073712C /* SeninTableViewFirstApp */,
			);
		};
/* End PBXProject section */

/* Begin PBXResourcesBuildPhase section */
		745D8754240C06BD0073712C /* Resources */ = {
			isa = PBXResourcesBuildPhase;
			buildActionMask = 2147483647;
			files = (
				745D8766240C06C80073712C /* LaunchScreen.storyboard in Resources */,
				745D8763240C06C80073712C /* Assets.xcassets in Resources */,
				745D8761240C06BD0073712C /* Main.storyboard in Resources */,
			);
			runOnlyForDeploymentPostprocessing = 0;
		};
/* End PBXResourcesBuildPhase section */

/* Begin PBXSourcesBuildPhase section */
		745D8752240C06BD0073712C /* Sources */ = {
			isa = PBXSourcesBuildPhase;
			buildActionMask = 2147483647;
			files = (
				745D876E2424F7A20073712C /* SecondViewController.swift in Sources */,
				745D875E240C06BD0073712C /* ViewController.swift in Sources */,
				745D875A240C06BD0073712C /* AppDelegate.swift in Sources */,
				745D875C240C06BD0073712C /* SceneDelegate.swift in Sources */,
			);
			runOnlyForDeploymentPostprocessing = 0;
		};
/* End PBXSourcesBuildPhase section */

/* Begin PBXVariantGroup section */
		745D875F240C06BD0073712C /* Main.storyboard */ = {
			isa = PBXVariantGroup;
			children = (
				745D8760240C06BD0073712C /* Base */,
			);
			name = Main.storyboard;
			sourceTree = "<group>";
		};
		745D8764240C06C80073712C /* LaunchScreen.storyboard */ = {
			isa = PBXVariantGroup;
			children = (
				745D8765240C06C80073712C /* Base */,
			);
			name = LaunchScreen.storyboard;
			sourceTree = "<group>";
		};
/* End PBXVariantGroup section */

/* Begin XCBuildConfiguration section */
		745D8768240C06C80073712C /* Debug */ = {
			isa = XCBuildConfiguration;
			buildSettings = {
				ALWAYS_SEARCH_USER_PATHS = NO;
				CLANG_ANALYZER_NONNULL = YES;
				CLANG_ANALYZER_NUMBER_OBJECT_CONVERSION = YES_AGGRESSIVE;
				CLANG_CXX_LANGUAGE_STANDARD = "gnu++14";
				CLANG_CXX_LIBRARY = "libc++";
				CLANG_ENABLE_MODULES = YES;
				CLANG_ENABLE_OBJC_ARC = YES;
				CLANG_ENABLE_OBJC_WEAK = YES;
				CLANG_WARN_BLOCK_CAPTURE_AUTORELEASING = YES;
				CLANG_WARN_BOOL_CONVERSION = YES;
				CLANG_WARN_COMMA = YES;
				CLANG_WARN_CONSTANT_CONVERSION = YES;
				CLANG_WARN_DEPRECATED_OBJC_IMPLEMENTATIONS = YES;
				CLANG_WARN_DIRECT_OBJC_ISA_USAGE = YES_ERROR;
				CLANG_WARN_DOCUMENTATION_COMMENTS = YES;
				CLANG_WARN_EMPTY_BODY = YES;
				CLANG_WARN_ENUM_CONVERSION = YES;
				CLANG_WARN_INFINITE_RECURSION = YES;
				CLANG_WARN_INT_CONVERSION = YES;
				CLANG_WARN_NON_LITERAL_NULL_CONVERSION = YES;
				CLANG_WARN_OBJC_IMPLICIT_RETAIN_SELF = YES;
				CLANG_WARN_OBJC_LITERAL_CONVERSION = YES;
				CLANG_WARN_OBJC_ROOT_CLASS = YES_ERROR;
				CLANG_WARN_RANGE_LOOP_ANALYSIS = YES;
				CLANG_WARN_STRICT_PROTOTYPES = YES;
				CLANG_WARN_SUSPICIOUS_MOVE = YES;
				CLANG_WARN_UNGUARDED_AVAILABILITY = YES_AGGRESSIVE;
				CLANG_WARN_UNREACHABLE_CODE = YES;
				CLANG_WARN__DUPLICATE_METHOD_MATCH = YES;
				COPY_PHASE_STRIP = NO;
				DEBUG_INFORMATION_FORMAT = dwarf;
				ENABLE_STRICT_OBJC_MSGSEND = YES;
				ENABLE_TESTABILITY = YES;
				GCC_C_LANGUAGE_STANDARD = gnu11;
				GCC_DYNAMIC_NO_PIC = NO;
				GCC_NO_COMMON_BLOCKS = YES;
				GCC_OPTIMIZATION_LEVEL = 0;
				GCC_PREPROCESSOR_DEFINITIONS = (
					"DEBUG=1",
					"$(inherited)",
				);
				GCC_WARN_64_TO_32_BIT_CONVERSION = YES;
				GCC_WARN_ABOUT_RETURN_TYPE = YES_ERROR;
				GCC_WARN_UNDECLARED_SELECTOR = YES;
				GCC_WARN_UNINITIALIZED_AUTOS = YES_AGGRESSIVE;
				GCC_WARN_UNUSED_FUNCTION = YES;
				GCC_WARN_UNUSED_VARIABLE = YES;
				IPHONEOS_DEPLOYMENT_TARGET = 13.2;
				MTL_ENABLE_DEBUG_INFO = INCLUDE_SOURCE;
				MTL_FAST_MATH = YES;
				ONLY_ACTIVE_ARCH = YES;
				SDKROOT = iphoneos;
				SWIFT_ACTIVE_COMPILATION_CONDITIONS = DEBUG;
				SWIFT_OPTIMIZATION_LEVEL = "-Onone";
			};
			name = Debug;
		};
		745D8769240C06C80073712C /* Release */ = {
			isa = XCBuildConfiguration;
			buildSettings = {
				ALWAYS_SEARCH_USER_PATHS = NO;
				CLANG_ANALYZER_NONNULL = YES;
				CLANG_ANALYZER_NUMBER_OBJECT_CONVERSION = YES_AGGRESSIVE;
				CLANG_CXX_LANGUAGE_STANDARD = "gnu++14";
				CLANG_CXX_LIBRARY = "libc++";
				CLANG_ENABLE_MODULES = YES;
				CLANG_ENABLE_OBJC_ARC = YES;
				CLANG_ENABLE_OBJC_WEAK = YES;
				CLANG_WARN_BLOCK_CAPTURE_AUTORELEASING = YES;
				CLANG_WARN_BOOL_CONVERSION = YES;
				CLANG_WARN_COMMA = YES;
				CLANG_WARN_CONSTANT_CONVERSION = YES;
				CLANG_WARN_DEPRECATED_OBJC_IMPLEMENTATIONS = YES;
				CLANG_WARN_DIRECT_OBJC_ISA_USAGE = YES_ERROR;
				CLANG_WARN_DOCUMENTATION_COMMENTS = YES;
				CLANG_WARN_EMPTY_BODY = YES;
				CLANG_WARN_ENUM_CONVERSION = YES;
				CLANG_WARN_INFINITE_RECURSION = YES;
				CLANG_WARN_INT_CONVERSION = YES;
				CLANG_WARN_NON_LITERAL_NULL_CONVERSION = YES;
				CLANG_WARN_OBJC_IMPLICIT_RETAIN_SELF = YES;
				CLANG_WARN_OBJC_LITERAL_CONVERSION = YES;
				CLANG_WARN_OBJC_ROOT_CLASS = YES_ERROR;
				CLANG_WARN_RANGE_LOOP_ANALYSIS = YES;
				CLANG_WARN_STRICT_PROTOTYPES = YES;
				CLANG_WARN_SUSPICIOUS_MOVE = YES;
				CLANG_WARN_UNGUARDED_AVAILABILITY = YES_AGGRESSIVE;
				CLANG_WARN_UNREACHABLE_CODE = YES;
				CLANG_WARN__DUPLICATE_METHOD_MATCH = YES;
				COPY_PHASE_STRIP = NO;
				DEBUG_INFORMATION_FORMAT = "dwarf-with-dsym";
				ENABLE_NS_ASSERTIONS = NO;
				ENABLE_STRICT_OBJC_MSGSEND = YES;
				GCC_C_LANGUAGE_STANDARD = gnu11;
				GCC_NO_COMMON_BLOCKS = YES;
				GCC_WARN_64_TO_32_BIT_CONVERSION = YES;
				GCC_WARN_ABOUT_RETURN_TYPE = YES_ERROR;
				GCC_WARN_UNDECLARED_SELECTOR = YES;
				GCC_WARN_UNINITIALIZED_AUTOS = YES_AGGRESSIVE;
				GCC_WARN_UNUSED_FUNCTION = YES;
				GCC_WARN_UNUSED_VARIABLE = YES;
				IPHONEOS_DEPLOYMENT_TARGET = 13.2;
				MTL_ENABLE_DEBUG_INFO = NO;
				MTL_FAST_MATH = YES;
				SDKROOT = iphoneos;
				SWIFT_COMPILATION_MODE = wholemodule;
				SWIFT_OPTIMIZATION_LEVEL = "-O";
				VALIDATE_PRODUCT = YES;
			};
			name = Release;
		};
		745D876B240C06C80073712C /* Debug */ = {
			isa = XCBuildConfiguration;
			buildSettings = {
				ASSETCATALOG_COMPILER_APPICON_NAME = AppIcon;
				CODE_SIGN_STYLE = Automatic;
				INFOPLIST_FILE = SeninTableViewFirstApp/Info.plist;
				LD_RUNPATH_SEARCH_PATHS = (
					"$(inherited)",
					"@executable_path/Frameworks",
				);
				PRODUCT_BUNDLE_IDENTIFIER = YK.SeninTableViewFirstApp;
				PRODUCT_NAME = "$(TARGET_NAME)";
				SWIFT_VERSION = 5.0;
				TARGETED_DEVICE_FAMILY = "1,2";
			};
			name = Debug;
		};
		745D876C240C06C80073712C /* Release */ = {
			isa = XCBuildConfiguration;
			buildSettings = {
				ASSETCATALOG_COMPILER_APPICON_NAME = AppIcon;
				CODE_SIGN_STYLE = Automatic;
				INFOPLIST_FILE = SeninTableViewFirstApp/Info.plist;
				LD_RUNPATH_SEARCH_PATHS = (
					"$(inherited)",
					"@executable_path/Frameworks",
				);
				PRODUCT_BUNDLE_IDENTIFIER = YK.SeninTableViewFirstApp;
				PRODUCT_NAME = "$(TARGET_NAME)";
				SWIFT_VERSION = 5.0;
				TARGETED_DEVICE_FAMILY = "1,2";
			};
			name = Release;
		};
/* End XCBuildConfiguration section */

/* Begin XCConfigurationList section */
		745D8751240C06BD0073712C /* Build configuration list for PBXProject "SeninTableViewFirstApp" */ = {
			isa = XCConfigurationList;
			buildConfigurations = (
				745D8768240C06C80073712C /* Debug */,
				745D8769240C06C80073712C /* Release */,
			);
			defaultConfigurationIsVisible = 0;
			defaultConfigurationName = Release;
		};
		745D876A240C06C80073712C /* Build configuration list for PBXNativeTarget "SeninTableViewFirstApp" */ = {
			isa = XCConfigurationList;
			buildConfigurations = (
				745D876B240C06C80073712C /* Debug */,
				745D876C240C06C80073712C /* Release */,
			);
			defaultConfigurationIsVisible = 0;
			defaultConfigurationName = Release;
		};
/* End XCConfigurationList section */
	};
	rootObject = 745D874E240C06BD0073712C /* Project object */;
}
