// !$*UTF8*$!
{
	archiveVersion = 1;
	classes = {
	};
	objectVersion = 50;
	objects = {

/* Begin PBXBuildFile section */
		745D8770242789CA0073712C /* data.xml in Resources */ = {isa = PBXBuildFile; fileRef = 745D876F242789CA0073712C /* data.xml */; };
		745D877224278A1A0073712C /* Model.swift in Sources */ = {isa = PBXBuildFile; fileRef = 745D877124278A1A0073712C /* Model.swift */; };
		746442CC23CDDBFE00242C7E /* AppDelegate.swift in Sources */ = {isa = PBXBuildFile; fileRef = 746442CB23CDDBFE00242C7E /* AppDelegate.swift */; };
		746442CE23CDDBFE00242C7E /* SceneDelegate.swift in Sources */ = {isa = PBXBuildFile; fileRef = 746442CD23CDDBFE00242C7E /* SceneDelegate.swift */; };
		746442D023CDDBFE00242C7E /* ViewController.swift in Sources */ = {isa = PBXBuildFile; fileRef = 746442CF23CDDBFE00242C7E /* ViewController.swift */; };
		746442D323CDDBFE00242C7E /* Main.storyboard in Resources */ = {isa = PBXBuildFile; fileRef = 746442D123CDDBFE00242C7E /* Main.storyboard */; };
		746442D523CDDC0300242C7E /* Assets.xcassets in Resources */ = {isa = PBXBuildFile; fileRef = 746442D423CDDC0300242C7E /* Assets.xcassets */; };
		746442D823CDDC0300242C7E /* LaunchScreen.storyboard in Resources */ = {isa = PBXBuildFile; fileRef = 746442D623CDDC0300242C7E /* LaunchScreen.storyboard */; };
/* End PBXBuildFile section */

/* Begin PBXFileReference section */
		745D876F242789CA0073712C /* data.xml */ = {isa = PBXFileReference; fileEncoding = 4; lastKnownFileType = text.xml; path = data.xml; sourceTree = "<group>"; };
		745D877124278A1A0073712C /* Model.swift */ = {isa = PBXFileReference; lastKnownFileType = sourcecode.swift; path = Model.swift; sourceTree = "<group>"; };
		746442C823CDDBFE00242C7E /* CurrencyExchangeSenin2.app */ = {isa = PBXFileReference; explicitFileType = wrapper.application; includeInIndex = 0; path = CurrencyExchangeSenin2.app; sourceTree = BUILT_PRODUCTS_DIR; };
		746442CB23CDDBFE00242C7E /* AppDelegate.swift */ = {isa = PBXFileReference; lastKnownFileType = sourcecode.swift; path = AppDelegate.swift; sourceTree = "<group>"; };
		746442CD23CDDBFE00242C7E /* SceneDelegate.swift */ = {isa = PBXFileReference; lastKnownFileType = sourcecode.swift; path = SceneDelegate.swift; sourceTree = "<group>"; };
		746442CF23CDDBFE00242C7E /* ViewController.swift */ = {isa = PBXFileReference; lastKnownFileType = sourcecode.swift; path = ViewController.swift; sourceTree = "<group>"; };
		746442D223CDDBFE00242C7E /* Base */ = {isa = PBXFileReference; lastKnownFileType = file.storyboard; name = Base; path = Base.lproj/Main.storyboard; sourceTree = "<group>"; };
		746442D423CDDC0300242C7E /* Assets.xcassets */ = {isa = PBXFileReference; lastKnownFileType = folder.assetcatalog; path = Assets.xcassets; sourceTree = "<group>"; };
		746442D723CDDC0300242C7E /* Base */ = {isa = PBXFileReference; lastKnownFileType = file.storyboard; name = Base; path = Base.lproj/LaunchScreen.storyboard; sourceTree = "<group>"; };
		746442D923CDDC0300242C7E /* Info.plist */ = {isa = PBXFileReference; lastKnownFileType = text.plist.xml; path = Info.plist; sourceTree = "<group>"; };
/* End PBXFileReference section */

/* Begin PBXFrameworksBuildPhase section */
		746442C523CDDBFE00242C7E /* Frameworks */ = {
			isa = PBXFrameworksBuildPhase;
			buildActionMask = 2147483647;
			files = (
			);
			runOnlyForDeploymentPostprocessing = 0;
		};
/* End PBXFrameworksBuildPhase section */

/* Begin PBXGroup section */
		746442BF23CDDBFE00242C7E = {
			isa = PBXGroup;
			children = (
				746442CA23CDDBFE00242C7E /* CurrencyExchangeSenin2 */,
				746442C923CDDBFE00242C7E /* Products */,
			);
			sourceTree = "<group>";
		};
		746442C923CDDBFE00242C7E /* Products */ = {
			isa = PBXGroup;
			children = (
				746442C823CDDBFE00242C7E /* CurrencyExchangeSenin2.app */,
			);
			name = Products;
			sourceTree = "<group>";
		};
		746442CA23CDDBFE00242C7E /* CurrencyExchangeSenin2 */ = {
			isa = PBXGroup;
			children = (
				745D876F242789CA0073712C /* data.xml */,
				746442CB23CDDBFE00242C7E /* AppDelegate.swift */,
				746442CD23CDDBFE00242C7E /* SceneDelegate.swift */,
				746442CF23CDDBFE00242C7E /* ViewController.swift */,
				746442D123CDDBFE00242C7E /* Main.storyboard */,
				746442D423CDDC0300242C7E /* Assets.xcassets */,
				746442D623CDDC0300242C7E /* LaunchScreen.storyboard */,
				746442D923CDDC0300242C7E /* Info.plist */,
				745D877124278A1A0073712C /* Model.swift */,
			);
			path = CurrencyExchangeSenin2;
			sourceTree = "<group>";
		};
/* End PBXGroup section */

/* Begin PBXNativeTarget section */
		746442C723CDDBFE00242C7E /* CurrencyExchangeSenin2 */ = {
			isa = PBXNativeTarget;
			buildConfigurationList = 746442DC23CDDC0300242C7E /* Build configuration list for PBXNativeTarget "CurrencyExchangeSenin2" */;
			buildPhases = (
				746442C423CDDBFE00242C7E /* Sources */,
				746442C523CDDBFE00242C7E /* Frameworks */,
				746442C623CDDBFE00242C7E /* Resources */,
			);
			buildRules = (
			);
			dependencies = (
			);
			name = CurrencyExchangeSenin2;
			productName = CurrencyExchangeSenin2;
			productReference = 746442C823CDDBFE00242C7E /* CurrencyExchangeSenin2.app */;
			productType = "com.apple.product-type.application";
		};
/* End PBXNativeTarget section */

/* Begin PBXProject section */
		746442C023CDDBFE00242C7E /* Project object */ = {
			isa = PBXProject;
			attributes = {
				LastSwiftUpdateCheck = 1110;
				LastUpgradeCheck = 1110;
				ORGANIZATIONNAME = "Yegor Kozlovskiy";
				TargetAttributes = {
					746442C723CDDBFE00242C7E = {
						CreatedOnToolsVersion = 11.1;
					};
				};
			};
			buildConfigurationList = 746442C323CDDBFE00242C7E /* Build configuration list for PBXProject "CurrencyExchangeSenin2" */;
			compatibilityVersion = "Xcode 9.3";
			developmentRegion = en;
			hasScannedForEncodings = 0;
			knownRegions = (
				en,
				Base,
			);
			mainGroup = 746442BF23CDDBFE00242C7E;
			productRefGroup = 746442C923CDDBFE00242C7E /* Products */;
			projectDirPath = "";
			projectRoot = "";
			targets = (
				746442C723CDDBFE00242C7E /* CurrencyExchangeSenin2 */,
			);
		};
/* End PBXProject section */

/* Begin PBXResourcesBuildPhase section */
		746442C623CDDBFE00242C7E /* Resources */ = {
			isa = PBXResourcesBuildPhase;
			buildActionMask = 2147483647;
			files = (
				746442D823CDDC0300242C7E /* LaunchScreen.storyboard in Resources */,
				745D8770242789CA0073712C /* data.xml in Resources */,
				746442D523CDDC0300242C7E /* Assets.xcassets in Resources */,
				746442D323CDDBFE00242C7E /* Main.storyboard in Resources */,
			);
			runOnlyForDeploymentPostprocessing = 0;
		};
/* End PBXResourcesBuildPhase section */

/* Begin PBXSourcesBuildPhase section */
		746442C423CDDBFE00242C7E /* Sources */ = {
			isa = PBXSourcesBuildPhase;
			buildActionMask = 2147483647;
			files = (
				746442D023CDDBFE00242C7E /* ViewController.swift in Sources */,
				746442CC23CDDBFE00242C7E /* AppDelegate.swift in Sources */,
				746442CE23CDDBFE00242C7E /* SceneDelegate.swift in Sources */,
				745D877224278A1A0073712C /* Model.swift in Sources */,
			);
			runOnlyForDeploymentPostprocessing = 0;
		};
/* End PBXSourcesBuildPhase section */

/* Begin PBXVariantGroup section */
		746442D123CDDBFE00242C7E /* Main.storyboard */ = {
			isa = PBXVariantGroup;
			children = (
				746442D223CDDBFE00242C7E /* Base */,
			);
			name = Main.storyboard;
			sourceTree = "<group>";
		};
		746442D623CDDC0300242C7E /* LaunchScreen.storyboard */ = {
			isa = PBXVariantGroup;
			children = (
				746442D723CDDC0300242C7E /* Base */,
			);
			name = LaunchScreen.storyboard;
			sourceTree = "<group>";
		};
/* End PBXVariantGroup section */

/* Begin XCBuildConfiguration section */
		746442DA23CDDC0300242C7E /* Debug */ = {
			isa = XCBuildConfiguration;
			buildSettings = {
				ALWAYS_SEARCH_USER_PATHS = NO;
				CLANG_ANALYZER_NONNULL = YES;
				CLANG_ANALYZER_NUMBER_OBJECT_CONVERSION = YES_AGGRESSIVE;
				CLANG_CXX_LANGUAGE_STANDARD = "gnu++14";
				CLANG_CXX_LIBRARY = "libc++";
				CLANG_ENABLE_MODULES = YES;
				CLANG_ENABLE_OBJC_ARC = YES;
				CLANG_ENABLE_OBJC_WEAK = YES;
				CLANG_WARN_BLOCK_CAPTURE_AUTORELEASING = YES;
				CLANG_WARN_BOOL_CONVERSION = YES;
				CLANG_WARN_COMMA = YES;
				CLANG_WARN_CONSTANT_CONVERSION = YES;
				CLANG_WARN_DEPRECATED_OBJC_IMPLEMENTATIONS = YES;
				CLANG_WARN_DIRECT_OBJC_ISA_USAGE = YES_ERROR;
				CLANG_WARN_DOCUMENTATION_COMMENTS = YES;
				CLANG_WARN_EMPTY_BODY = YES;
				CLANG_WARN_ENUM_CONVERSION = YES;
				CLANG_WARN_INFINITE_RECURSION = YES;
				CLANG_WARN_INT_CONVERSION = YES;
				CLANG_WARN_NON_LITERAL_NULL_CONVERSION = YES;
				CLANG_WARN_OBJC_IMPLICIT_RETAIN_SELF = YES;
				CLANG_WARN_OBJC_LITERAL_CONVERSION = YES;
				CLANG_WARN_OBJC_ROOT_CLASS = YES_ERROR;
				CLANG_WARN_RANGE_LOOP_ANALYSIS = YES;
				CLANG_WARN_STRICT_PROTOTYPES = YES;
				CLANG_WARN_SUSPICIOUS_MOVE = YES;
				CLANG_WARN_UNGUARDED_AVAILABILITY = YES_AGGRESSIVE;
				CLANG_WARN_UNREACHABLE_CODE = YES;
				CLANG_WARN__DUPLICATE_METHOD_MATCH = YES;
				COPY_PHASE_STRIP = NO;
				DEBUG_INFORMATION_FORMAT = dwarf;
				ENABLE_STRICT_OBJC_MSGSEND = YES;
				ENABLE_TESTABILITY = YES;
				GCC_C_LANGUAGE_STANDARD = gnu11;
				GCC_DYNAMIC_NO_PIC = NO;
				GCC_NO_COMMON_BLOCKS = YES;
				GCC_OPTIMIZATION_LEVEL = 0;
				GCC_PREPROCESSOR_DEFINITIONS = (
					"DEBUG=1",
					"$(inherited)",
				);
				GCC_WARN_64_TO_32_BIT_CONVERSION = YES;
				GCC_WARN_ABOUT_RETURN_TYPE = YES_ERROR;
				GCC_WARN_UNDECLARED_SELECTOR = YES;
				GCC_WARN_UNINITIALIZED_AUTOS = YES_AGGRESSIVE;
				GCC_WARN_UNUSED_FUNCTION = YES;
				GCC_WARN_UNUSED_VARIABLE = YES;
				IPHONEOS_DEPLOYMENT_TARGET = 13.1;
				MTL_ENABLE_DEBUG_INFO = INCLUDE_SOURCE;
				MTL_FAST_MATH = YES;
				ONLY_ACTIVE_ARCH = YES;
				SDKROOT = iphoneos;
				SWIFT_ACTIVE_COMPILATION_CONDITIONS = DEBUG;
				SWIFT_OPTIMIZATION_LEVEL = "-Onone";
			};
			name = Debug;
		};
		746442DB23CDDC0300242C7E /* Release */ = {
			isa = XCBuildConfiguration;
			buildSettings = {
				ALWAYS_SEARCH_USER_PATHS = NO;
				CLANG_ANALYZER_NONNULL = YES;
				CLANG_ANALYZER_NUMBER_OBJECT_CONVERSION = YES_AGGRESSIVE;
				CLANG_CXX_LANGUAGE_STANDARD = "gnu++14";
				CLANG_CXX_LIBRARY = "libc++";
				CLANG_ENABLE_MODULES = YES;
				CLANG_ENABLE_OBJC_ARC = YES;
				CLANG_ENABLE_OBJC_WEAK = YES;
				CLANG_WARN_BLOCK_CAPTURE_AUTORELEASING = YES;
				CLANG_WARN_BOOL_CONVERSION = YES;
				CLANG_WARN_COMMA = YES;
				CLANG_WARN_CONSTANT_CONVERSION = YES;
				CLANG_WARN_DEPRECATED_OBJC_IMPLEMENTATIONS = YES;
				CLANG_WARN_DIRECT_OBJC_ISA_USAGE = YES_ERROR;
				CLANG_WARN_DOCUMENTATION_COMMENTS = YES;
				CLANG_WARN_EMPTY_BODY = YES;
				CLANG_WARN_ENUM_CONVERSION = YES;
				CLANG_WARN_INFINITE_RECURSION = YES;
				CLANG_WARN_INT_CONVERSION = YES;
				CLANG_WARN_NON_LITERAL_NULL_CONVERSION = YES;
				CLANG_WARN_OBJC_IMPLICIT_RETAIN_SELF = YES;
				CLANG_WARN_OBJC_LITERAL_CONVERSION = YES;
				CLANG_WARN_OBJC_ROOT_CLASS = YES_ERROR;
				CLANG_WARN_RANGE_LOOP_ANALYSIS = YES;
				CLANG_WARN_STRICT_PROTOTYPES = YES;
				CLANG_WARN_SUSPICIOUS_MOVE = YES;
				CLANG_WARN_UNGUARDED_AVAILABILITY = YES_AGGRESSIVE;
				CLANG_WARN_UNREACHABLE_CODE = YES;
				CLANG_WARN__DUPLICATE_METHOD_MATCH = YES;
				COPY_PHASE_STRIP = NO;
				DEBUG_INFORMATION_FORMAT = "dwarf-with-dsym";
				ENABLE_NS_ASSERTIONS = NO;
				ENABLE_STRICT_OBJC_MSGSEND = YES;
				GCC_C_LANGUAGE_STANDARD = gnu11;
				GCC_NO_COMMON_BLOCKS = YES;
				GCC_WARN_64_TO_32_BIT_CONVERSION = YES;
				GCC_WARN_ABOUT_RETURN_TYPE = YES_ERROR;
				GCC_WARN_UNDECLARED_SELECTOR = YES;
				GCC_WARN_UNINITIALIZED_AUTOS = YES_AGGRESSIVE;
				GCC_WARN_UNUSED_FUNCTION = YES;
				GCC_WARN_UNUSED_VARIABLE = YES;
				IPHONEOS_DEPLOYMENT_TARGET = 13.1;
				MTL_ENABLE_DEBUG_INFO = NO;
				MTL_FAST_MATH = YES;
				SDKROOT = iphoneos;
				SWIFT_COMPILATION_MODE = wholemodule;
				SWIFT_OPTIMIZATION_LEVEL = "-O";
				VALIDATE_PRODUCT = YES;
			};
			name = Release;
		};
		746442DD23CDDC0300242C7E /* Debug */ = {
			isa = XCBuildConfiguration;
			buildSettings = {
				ASSETCATALOG_COMPILER_APPICON_NAME = AppIcon;
				CODE_SIGN_STYLE = Automatic;
				INFOPLIST_FILE = CurrencyExchangeSenin2/Info.plist;
				LD_RUNPATH_SEARCH_PATHS = (
					"$(inherited)",
					"@executable_path/Frameworks",
				);
				PRODUCT_BUNDLE_IDENTIFIER = YK.CurrencyExchangeSenin2;
				PRODUCT_NAME = "$(TARGET_NAME)";
				SWIFT_VERSION = 5.0;
				TARGETED_DEVICE_FAMILY = "1,2";
			};
			name = Debug;
		};
		746442DE23CDDC0300242C7E /* Release */ = {
			isa = XCBuildConfiguration;
			buildSettings = {
				ASSETCATALOG_COMPILER_APPICON_NAME = AppIcon;
				CODE_SIGN_STYLE = Automatic;
				INFOPLIST_FILE = CurrencyExchangeSenin2/Info.plist;
				LD_RUNPATH_SEARCH_PATHS = (
					"$(inherited)",
					"@executable_path/Frameworks",
				);
				PRODUCT_BUNDLE_IDENTIFIER = YK.CurrencyExchangeSenin2;
				PRODUCT_NAME = "$(TARGET_NAME)";
				SWIFT_VERSION = 5.0;
				TARGETED_DEVICE_FAMILY = "1,2";
			};
			name = Release;
		};
/* End XCBuildConfiguration section */

/* Begin XCConfigurationList section */
		746442C323CDDBFE00242C7E /* Build configuration list for PBXProject "CurrencyExchangeSenin2" */ = {
			isa = XCConfigurationList;
			buildConfigurations = (
				746442DA23CDDC0300242C7E /* Debug */,
				746442DB23CDDC0300242C7E /* Release */,
			);
			defaultConfigurationIsVisible = 0;
			defaultConfigurationName = Release;
		};
		746442DC23CDDC0300242C7E /* Build configuration list for PBXNativeTarget "CurrencyExchangeSenin2" */ = {
			isa = XCConfigurationList;
			buildConfigurations = (
				746442DD23CDDC0300242C7E /* Debug */,
				746442DE23CDDC0300242C7E /* Release */,
			);
			defaultConfigurationIsVisible = 0;
			defaultConfigurationName = Release;
		};
/* End XCConfigurationList section */
	};
	rootObject = 746442C023CDDBFE00242C7E /* Project object */;
}
